
Microsoft Visual Studio Solution File, Format Version 12.00
# Visual Studio 2012
Project("{FAE04EC0-301F-11D3-BF4B-00C04F79EFBC}") = "DatabaseMigrator", "DatabaseMigrator\DatabaseMigrator.csproj", "{3D07A038-3A87-4F7C-B29C-D4A7DC1DC304}"
EndProject
Project("{6141683F-8A12-4E36-9623-2EB02B2C2303}") = "Setup1", "Setup1\Setup1.isproj", "{557C5303-12DD-456A-A836-5FAE511C2BF7}"
	ProjectSection(ProjectDependencies) = postProject
		{3D07A038-3A87-4F7C-B29C-D4A7DC1DC304} = {3D07A038-3A87-4F7C-B29C-D4A7DC1DC304}
	EndProjectSection
EndProject
Global
	GlobalSection(SolutionConfigurationPlatforms) = preSolution
		CD_ROM|x86 = CD_ROM|x86
		Debug|x86 = Debug|x86
		DVD-5|x86 = DVD-5|x86
		Release|x86 = Release|x86
		SingleImage|x86 = SingleImage|x86
	EndGlobalSection
	GlobalSection(ProjectConfigurationPlatforms) = postSolution
		{3D07A038-3A87-4F7C-B29C-D4A7DC1DC304}.CD_ROM|x86.ActiveCfg = Release|x86
		{3D07A038-3A87-4F7C-B29C-D4A7DC1DC304}.CD_ROM|x86.Build.0 = Release|x86
		{3D07A038-3A87-4F7C-B29C-D4A7DC1DC304}.Debug|x86.ActiveCfg = Debug|x86
		{3D07A038-3A87-4F7C-B29C-D4A7DC1DC304}.Debug|x86.Build.0 = Debug|x86
		{3D07A038-3A87-4F7C-B29C-D4A7DC1DC304}.DVD-5|x86.ActiveCfg = Debug|x86
		{3D07A038-3A87-4F7C-B29C-D4A7DC1DC304}.DVD-5|x86.Build.0 = Debug|x86
		{3D07A038-3A87-4F7C-B29C-D4A7DC1DC304}.Release|x86.ActiveCfg = Release|x86
		{3D07A038-3A87-4F7C-B29C-D4A7DC1DC304}.Release|x86.Build.0 = Release|x86
		{3D07A038-3A87-4F7C-B29C-D4A7DC1DC304}.SingleImage|x86.ActiveCfg = Release|x86
		{3D07A038-3A87-4F7C-B29C-D4A7DC1DC304}.SingleImage|x86.Build.0 = Release|x86
		{557C5303-12DD-456A-A836-5FAE511C2BF7}.CD_ROM|x86.ActiveCfg = CD_ROM
		{557C5303-12DD-456A-A836-5FAE511C2BF7}.CD_ROM|x86.Build.0 = CD_ROM
		{557C5303-12DD-456A-A836-5FAE511C2BF7}.Debug|x86.ActiveCfg = DVD-5
		{557C5303-12DD-456A-A836-5FAE511C2BF7}.Debug|x86.Build.0 = DVD-5
		{557C5303-12DD-456A-A836-5FAE511C2BF7}.DVD-5|x86.ActiveCfg = DVD-5
		{557C5303-12DD-456A-A836-5FAE511C2BF7}.DVD-5|x86.Build.0 = DVD-5
		{557C5303-12DD-456A-A836-5FAE511C2BF7}.Release|x86.ActiveCfg = SingleImage
		{557C5303-12DD-456A-A836-5FAE511C2BF7}.Release|x86.Build.0 = SingleImage
		{557C5303-12DD-456A-A836-5FAE511C2BF7}.SingleImage|x86.ActiveCfg = SingleImage
		{557C5303-12DD-456A-A836-5FAE511C2BF7}.SingleImage|x86.Build.0 = SingleImage
	EndGlobalSection
	GlobalSection(SolutionProperties) = preSolution
		HideSolutionNode = FALSE
	EndGlobalSection
EndGlobal
